// !$*UTF8*$!
{
	archiveVersion = 1;
	classes = {
	};
	objectVersion = 55;
	objects = {

/* Begin PBXBuildFile section */
		6515C72C27FE53090035606A /* TimerView.swift in Sources */ = {isa = PBXBuildFile; fileRef = 6515C72B27FE53080035606A /* TimerView.swift */; };
		6515C72E280002EC0035606A /* ControllsView.swift in Sources */ = {isa = PBXBuildFile; fileRef = 6515C72D280002EB0035606A /* ControllsView.swift */; };
		65A784DB28077661005440AE /* LeaderBoardView.swift in Sources */ = {isa = PBXBuildFile; fileRef = 65A784DA28077660005440AE /* LeaderBoardView.swift */; };
		65EC4E23281F52640096EAA5 /* InstructionsView.swift in Sources */ = {isa = PBXBuildFile; fileRef = 65EC4E22281F52630096EAA5 /* InstructionsView.swift */; };
		65F12A3427FD4C1C002493BF /* PicrossApp.swift in Sources */ = {isa = PBXBuildFile; fileRef = 65F12A3327FD4C1C002493BF /* PicrossApp.swift */; };
		65F12A3627FD4C1C002493BF /* ContentView.swift in Sources */ = {isa = PBXBuildFile; fileRef = 65F12A3527FD4C1C002493BF /* ContentView.swift */; };
		65F12A3827FD4C25002493BF /* Assets.xcassets in Resources */ = {isa = PBXBuildFile; fileRef = 65F12A3727FD4C25002493BF /* Assets.xcassets */; };
		65F12A3B27FD4C25002493BF /* Preview Assets.xcassets in Resources */ = {isa = PBXBuildFile; fileRef = 65F12A3A27FD4C25002493BF /* Preview Assets.xcassets */; };
		65F12A4227FD4D18002493BF /* Game.swift in Sources */ = {isa = PBXBuildFile; fileRef = 65F12A4127FD4D17002493BF /* Game.swift */; };
		65F12A4427FD6651002493BF /* BoardView.swift in Sources */ = {isa = PBXBuildFile; fileRef = 65F12A4327FD6650002493BF /* BoardView.swift */; };
/* End PBXBuildFile section */

/* Begin PBXFileReference section */
		6515C72B27FE53080035606A /* TimerView.swift */ = {isa = PBXFileReference; lastKnownFileType = sourcecode.swift; path = TimerView.swift; sourceTree = "<group>"; };
		6515C72D280002EB0035606A /* ControllsView.swift */ = {isa = PBXFileReference; lastKnownFileType = sourcecode.swift; path = ControllsView.swift; sourceTree = "<group>"; };
		65A784DA28077660005440AE /* LeaderBoardView.swift */ = {isa = PBXFileReference; lastKnownFileType = sourcecode.swift; path = LeaderBoardView.swift; sourceTree = "<group>"; };
		65EC4E22281F52630096EAA5 /* InstructionsView.swift */ = {isa = PBXFileReference; lastKnownFileType = sourcecode.swift; path = InstructionsView.swift; sourceTree = "<group>"; };
		65F12A3027FD4C1C002493BF /* Picross.app */ = {isa = PBXFileReference; explicitFileType = wrapper.application; includeInIndex = 0; path = Picross.app; sourceTree = BUILT_PRODUCTS_DIR; };
		65F12A3327FD4C1C002493BF /* PicrossApp.swift */ = {isa = PBXFileReference; lastKnownFileType = sourcecode.swift; path = PicrossApp.swift; sourceTree = "<group>"; };
		65F12A3527FD4C1C002493BF /* ContentView.swift */ = {isa = PBXFileReference; lastKnownFileType = sourcecode.swift; path = ContentView.swift; sourceTree = "<group>"; };
		65F12A3727FD4C25002493BF /* Assets.xcassets */ = {isa = PBXFileReference; lastKnownFileType = folder.assetcatalog; path = Assets.xcassets; sourceTree = "<group>"; };
		65F12A3A27FD4C25002493BF /* Preview Assets.xcassets */ = {isa = PBXFileReference; lastKnownFileType = folder.assetcatalog; path = "Preview Assets.xcassets"; sourceTree = "<group>"; };
		65F12A4127FD4D17002493BF /* Game.swift */ = {isa = PBXFileReference; fileEncoding = 4; lastKnownFileType = sourcecode.swift; path = Game.swift; sourceTree = "<group>"; };
		65F12A4327FD6650002493BF /* BoardView.swift */ = {isa = PBXFileReference; lastKnownFileType = sourcecode.swift; path = BoardView.swift; sourceTree = "<group>"; };
/* End PBXFileReference section */

/* Begin PBXFrameworksBuildPhase section */
		65F12A2D27FD4C1C002493BF /* Frameworks */ = {
			isa = PBXFrameworksBuildPhase;
			buildActionMask = 2147483647;
			files = (
			);
			runOnlyForDeploymentPostprocessing = 0;
		};
/* End PBXFrameworksBuildPhase section */

/* Begin PBXGroup section */
		65F12A2727FD4C1C002493BF = {
			isa = PBXGroup;
			children = (
				65F12A3227FD4C1C002493BF /* Picross */,
				65F12A3127FD4C1C002493BF /* Products */,
			);
			sourceTree = "<group>";
		};
		65F12A3127FD4C1C002493BF /* Products */ = {
			isa = PBXGroup;
			children = (
				65F12A3027FD4C1C002493BF /* Picross.app */,
			);
			name = Products;
			sourceTree = "<group>";
		};
		65F12A3227FD4C1C002493BF /* Picross */ = {
			isa = PBXGroup;
			children = (
				65A784DA28077660005440AE /* LeaderBoardView.swift */,
				6515C72D280002EB0035606A /* ControllsView.swift */,
				6515C72B27FE53080035606A /* TimerView.swift */,
				65EC4E22281F52630096EAA5 /* InstructionsView.swift */,
				65F12A4327FD6650002493BF /* BoardView.swift */,
				65F12A3327FD4C1C002493BF /* PicrossApp.swift */,
				65F12A3527FD4C1C002493BF /* ContentView.swift */,
				65F12A4127FD4D17002493BF /* Game.swift */,
				65F12A3727FD4C25002493BF /* Assets.xcassets */,
				65F12A3927FD4C25002493BF /* Preview Content */,
			);
			path = Picross;
			sourceTree = "<group>";
		};
		65F12A3927FD4C25002493BF /* Preview Content */ = {
			isa = PBXGroup;
			children = (
				65F12A3A27FD4C25002493BF /* Preview Assets.xcassets */,
			);
			path = "Preview Content";
			sourceTree = "<group>";
		};
/* End PBXGroup section */

/* Begin PBXNativeTarget section */
		65F12A2F27FD4C1C002493BF /* Picross */ = {
			isa = PBXNativeTarget;
			buildConfigurationList = 65F12A3E27FD4C25002493BF /* Build configuration list for PBXNativeTarget "Picross" */;
			buildPhases = (
				65F12A2C27FD4C1C002493BF /* Sources */,
				65F12A2D27FD4C1C002493BF /* Frameworks */,
				65F12A2E27FD4C1C002493BF /* Resources */,
			);
			buildRules = (
			);
			dependencies = (
			);
			name = Picross;
			productName = Picross;
			productReference = 65F12A3027FD4C1C002493BF /* Picross.app */;
			productType = "com.apple.product-type.application";
		};
/* End PBXNativeTarget section */

/* Begin PBXProject section */
		65F12A2827FD4C1C002493BF /* Project object */ = {
			isa = PBXProject;
			attributes = {
				BuildIndependentTargetsInParallel = 1;
				LastSwiftUpdateCheck = 1330;
				LastUpgradeCheck = 1330;
				TargetAttributes = {
					65F12A2F27FD4C1C002493BF = {
						CreatedOnToolsVersion = 13.3;
					};
				};
			};
			buildConfigurationList = 65F12A2B27FD4C1C002493BF /* Build configuration list for PBXProject "Picross" */;
			compatibilityVersion = "Xcode 13.0";
			developmentRegion = en;
			hasScannedForEncodings = 0;
			knownRegions = (
				en,
				Base,
			);
			mainGroup = 65F12A2727FD4C1C002493BF;
			productRefGroup = 65F12A3127FD4C1C002493BF /* Products */;
			projectDirPath = "";
			projectRoot = "";
			targets = (
				65F12A2F27FD4C1C002493BF /* Picross */,
			);
		};
/* End PBXProject section */

/* Begin PBXResourcesBuildPhase section */
		65F12A2E27FD4C1C002493BF /* Resources */ = {
			isa = PBXResourcesBuildPhase;
			buildActionMask = 2147483647;
			files = (
				65F12A3B27FD4C25002493BF /* Preview Assets.xcassets in Resources */,
				65F12A3827FD4C25002493BF /* Assets.xcassets in Resources */,
			);
			runOnlyForDeploymentPostprocessing = 0;
		};
/* End PBXResourcesBuildPhase section */

/* Begin PBXSourcesBuildPhase section */
		65F12A2C27FD4C1C002493BF /* Sources */ = {
			isa = PBXSourcesBuildPhase;
			buildActionMask = 2147483647;
			files = (
				6515C72C27FE53090035606A /* TimerView.swift in Sources */,
				65EC4E23281F52640096EAA5 /* InstructionsView.swift in Sources */,
				65F12A3627FD4C1C002493BF /* ContentView.swift in Sources */,
				65A784DB28077661005440AE /* LeaderBoardView.swift in Sources */,
				65F12A4427FD6651002493BF /* BoardView.swift in Sources */,
				65F12A4227FD4D18002493BF /* Game.swift in Sources */,
				65F12A3427FD4C1C002493BF /* PicrossApp.swift in Sources */,
				6515C72E280002EC0035606A /* ControllsView.swift in Sources */,
			);
			runOnlyForDeploymentPostprocessing = 0;
		};
/* End PBXSourcesBuildPhase section */

/* Begin XCBuildConfiguration section */
		65F12A3C27FD4C25002493BF /* Debug */ = {
			isa = XCBuildConfiguration;
			buildSettings = {
				ALWAYS_SEARCH_USER_PATHS = NO;
				CLANG_ANALYZER_NONNULL = YES;
				CLANG_ANALYZER_NUMBER_OBJECT_CONVERSION = YES_AGGRESSIVE;
				CLANG_CXX_LANGUAGE_STANDARD = "gnu++17";
				CLANG_ENABLE_MODULES = YES;
				CLANG_ENABLE_OBJC_ARC = YES;
				CLANG_ENABLE_OBJC_WEAK = YES;
				CLANG_WARN_BLOCK_CAPTURE_AUTORELEASING = YES;
				CLANG_WARN_BOOL_CONVERSION = YES;
				CLANG_WARN_COMMA = YES;
				CLANG_WARN_CONSTANT_CONVERSION = YES;
				CLANG_WARN_DEPRECATED_OBJC_IMPLEMENTATIONS = YES;
				CLANG_WARN_DIRECT_OBJC_ISA_USAGE = YES_ERROR;
				CLANG_WARN_DOCUMENTATION_COMMENTS = YES;
				CLANG_WARN_EMPTY_BODY = YES;
				CLANG_WARN_ENUM_CONVERSION = YES;
				CLANG_WARN_INFINITE_RECURSION = YES;
				CLANG_WARN_INT_CONVERSION = YES;
				CLANG_WARN_NON_LITERAL_NULL_CONVERSION = YES;
				CLANG_WARN_OBJC_IMPLICIT_RETAIN_SELF = YES;
				CLANG_WARN_OBJC_LITERAL_CONVERSION = YES;
				CLANG_WARN_OBJC_ROOT_CLASS = YES_ERROR;
				CLANG_WARN_QUOTED_INCLUDE_IN_FRAMEWORK_HEADER = YES;
				CLANG_WARN_RANGE_LOOP_ANALYSIS = YES;
				CLANG_WARN_STRICT_PROTOTYPES = YES;
				CLANG_WARN_SUSPICIOUS_MOVE = YES;
				CLANG_WARN_UNGUARDED_AVAILABILITY = YES_AGGRESSIVE;
				CLANG_WARN_UNREACHABLE_CODE = YES;
				CLANG_WARN__DUPLICATE_METHOD_MATCH = YES;
				COPY_PHASE_STRIP = NO;
				DEBUG_INFORMATION_FORMAT = dwarf;
				ENABLE_STRICT_OBJC_MSGSEND = YES;
				ENABLE_TESTABILITY = YES;
				GCC_C_LANGUAGE_STANDARD = gnu11;
				GCC_DYNAMIC_NO_PIC = NO;
				GCC_NO_COMMON_BLOCKS = YES;
				GCC_OPTIMIZATION_LEVEL = 0;
				GCC_PREPROCESSOR_DEFINITIONS = (
					"DEBUG=1",
					"$(inherited)",
				);
				GCC_WARN_64_TO_32_BIT_CONVERSION = YES;
				GCC_WARN_ABOUT_RETURN_TYPE = YES_ERROR;
				GCC_WARN_UNDECLARED_SELECTOR = YES;
				GCC_WARN_UNINITIALIZED_AUTOS = YES_AGGRESSIVE;
				GCC_WARN_UNUSED_FUNCTION = YES;
				GCC_WARN_UNUSED_VARIABLE = YES;
				IPHONEOS_DEPLOYMENT_TARGET = 15.4;
				MTL_ENABLE_DEBUG_INFO = INCLUDE_SOURCE;
				MTL_FAST_MATH = YES;
				ONLY_ACTIVE_ARCH = YES;
				SDKROOT = iphoneos;
				SWIFT_ACTIVE_COMPILATION_CONDITIONS = DEBUG;
				SWIFT_OPTIMIZATION_LEVEL = "-Onone";
			};
			name = Debug;
		};
		65F12A3D27FD4C25002493BF /* Release */ = {
			isa = XCBuildConfiguration;
			buildSettings = {
				ALWAYS_SEARCH_USER_PATHS = NO;
				CLANG_ANALYZER_NONNULL = YES;
				CLANG_ANALYZER_NUMBER_OBJECT_CONVERSION = YES_AGGRESSIVE;
				CLANG_CXX_LANGUAGE_STANDARD = "gnu++17";
				CLANG_ENABLE_MODULES = YES;
				CLANG_ENABLE_OBJC_ARC = YES;
				CLANG_ENABLE_OBJC_WEAK = YES;
				CLANG_WARN_BLOCK_CAPTURE_AUTORELEASING = YES;
				CLANG_WARN_BOOL_CONVERSION = YES;
				CLANG_WARN_COMMA = YES;
				CLANG_WARN_CONSTANT_CONVERSION = YES;
				CLANG_WARN_DEPRECATED_OBJC_IMPLEMENTATIONS = YES;
				CLANG_WARN_DIRECT_OBJC_ISA_USAGE = YES_ERROR;
				CLANG_WARN_DOCUMENTATION_COMMENTS = YES;
				CLANG_WARN_EMPTY_BODY = YES;
				CLANG_WARN_ENUM_CONVERSION = YES;
				CLANG_WARN_INFINITE_RECURSION = YES;
				CLANG_WARN_INT_CONVERSION = YES;
				CLANG_WARN_NON_LITERAL_NULL_CONVERSION = YES;
				CLANG_WARN_OBJC_IMPLICIT_RETAIN_SELF = YES;
				CLANG_WARN_OBJC_LITERAL_CONVERSION = YES;
				CLANG_WARN_OBJC_ROOT_CLASS = YES_ERROR;
				CLANG_WARN_QUOTED_INCLUDE_IN_FRAMEWORK_HEADER = YES;
				CLANG_WARN_RANGE_LOOP_ANALYSIS = YES;
				CLANG_WARN_STRICT_PROTOTYPES = YES;
				CLANG_WARN_SUSPICIOUS_MOVE = YES;
				CLANG_WARN_UNGUARDED_AVAILABILITY = YES_AGGRESSIVE;
				CLANG_WARN_UNREACHABLE_CODE = YES;
				CLANG_WARN__DUPLICATE_METHOD_MATCH = YES;
				COPY_PHASE_STRIP = NO;
				DEBUG_INFORMATION_FORMAT = "dwarf-with-dsym";
				ENABLE_NS_ASSERTIONS = NO;
				ENABLE_STRICT_OBJC_MSGSEND = YES;
				GCC_C_LANGUAGE_STANDARD = gnu11;
				GCC_NO_COMMON_BLOCKS = YES;
				GCC_WARN_64_TO_32_BIT_CONVERSION = YES;
				GCC_WARN_ABOUT_RETURN_TYPE = YES_ERROR;
				GCC_WARN_UNDECLARED_SELECTOR = YES;
				GCC_WARN_UNINITIALIZED_AUTOS = YES_AGGRESSIVE;
				GCC_WARN_UNUSED_FUNCTION = YES;
				GCC_WARN_UNUSED_VARIABLE = YES;
				IPHONEOS_DEPLOYMENT_TARGET = 15.4;
				MTL_ENABLE_DEBUG_INFO = NO;
				MTL_FAST_MATH = YES;
				SDKROOT = iphoneos;
				SWIFT_COMPILATION_MODE = wholemodule;
				SWIFT_OPTIMIZATION_LEVEL = "-O";
				VALIDATE_PRODUCT = YES;
			};
			name = Release;
		};
		65F12A3F27FD4C25002493BF /* Debug */ = {
			isa = XCBuildConfiguration;
			buildSettings = {
				ASSETCATALOG_COMPILER_APPICON_NAME = AppIcon;
				ASSETCATALOG_COMPILER_GLOBAL_ACCENT_COLOR_NAME = AccentColor;
				CODE_SIGN_STYLE = Automatic;
				CURRENT_PROJECT_VERSION = 1;
				DEVELOPMENT_ASSET_PATHS = "\"Picross/Preview Content\"";
				DEVELOPMENT_TEAM = 5LWGYKKD5C;
				ENABLE_PREVIEWS = YES;
				GENERATE_INFOPLIST_FILE = YES;
				INFOPLIST_KEY_UIApplicationSceneManifest_Generation = YES;
				INFOPLIST_KEY_UIApplicationSupportsIndirectInputEvents = YES;
				INFOPLIST_KEY_UILaunchScreen_Generation = YES;
				INFOPLIST_KEY_UISupportedInterfaceOrientations_iPad = "UIInterfaceOrientationPortrait UIInterfaceOrientationPortraitUpsideDown UIInterfaceOrientationLandscapeLeft UIInterfaceOrientationLandscapeRight";
				INFOPLIST_KEY_UISupportedInterfaceOrientations_iPhone = "UIInterfaceOrientationPortrait UIInterfaceOrientationLandscapeLeft UIInterfaceOrientationLandscapeRight";
				IPHONEOS_DEPLOYMENT_TARGET = 15.0;
				LD_RUNPATH_SEARCH_PATHS = (
					"$(inherited)",
					"@executable_path/Frameworks",
				);
				MARKETING_VERSION = 1.0;
				PRODUCT_BUNDLE_IDENTIFIER = Group19.Picross;
				PRODUCT_NAME = "$(TARGET_NAME)";
				SWIFT_EMIT_LOC_STRINGS = YES;
				SWIFT_VERSION = 5.0;
				TARGETED_DEVICE_FAMILY = 1;
			};
			name = Debug;
		};
		65F12A4027FD4C25002493BF /* Release */ = {
			isa = XCBuildConfiguration;
			buildSettings = {
				ASSETCATALOG_COMPILER_APPICON_NAME = AppIcon;
				ASSETCATALOG_COMPILER_GLOBAL_ACCENT_COLOR_NAME = AccentColor;
				CODE_SIGN_STYLE = Automatic;
				CURRENT_PROJECT_VERSION = 1;
				DEVELOPMENT_ASSET_PATHS = "\"Picross/Preview Content\"";
				DEVELOPMENT_TEAM = 5LWGYKKD5C;
				ENABLE_PREVIEWS = YES;
				GENERATE_INFOPLIST_FILE = YES;
				INFOPLIST_KEY_UIApplicationSceneManifest_Generation = YES;
				INFOPLIST_KEY_UIApplicationSupportsIndirectInputEvents = YES;
				INFOPLIST_KEY_UILaunchScreen_Generation = YES;
				INFOPLIST_KEY_UISupportedInterfaceOrientations_iPad = "UIInterfaceOrientationPortrait UIInterfaceOrientationPortraitUpsideDown UIInterfaceOrientationLandscapeLeft UIInterfaceOrientationLandscapeRight";
				INFOPLIST_KEY_UISupportedInterfaceOrientations_iPhone = "UIInterfaceOrientationPortrait UIInterfaceOrientationLandscapeLeft UIInterfaceOrientationLandscapeRight";
				IPHONEOS_DEPLOYMENT_TARGET = 15.0;
				LD_RUNPATH_SEARCH_PATHS = (
					"$(inherited)",
					"@executable_path/Frameworks",
				);
				MARKETING_VERSION = 1.0;
				PRODUCT_BUNDLE_IDENTIFIER = Group19.Picross;
				PRODUCT_NAME = "$(TARGET_NAME)";
				SWIFT_EMIT_LOC_STRINGS = YES;
				SWIFT_VERSION = 5.0;
				TARGETED_DEVICE_FAMILY = 1;
			};
			name = Release;
		};
/* End XCBuildConfiguration section */

/* Begin XCConfigurationList section */
		65F12A2B27FD4C1C002493BF /* Build configuration list for PBXProject "Picross" */ = {
			isa = XCConfigurationList;
			buildConfigurations = (
				65F12A3C27FD4C25002493BF /* Debug */,
				65F12A3D27FD4C25002493BF /* Release */,
			);
			defaultConfigurationIsVisible = 0;
			defaultConfigurationName = Release;
		};
		65F12A3E27FD4C25002493BF /* Build configuration list for PBXNativeTarget "Picross" */ = {
			isa = XCConfigurationList;
			buildConfigurations = (
				65F12A3F27FD4C25002493BF /* Debug */,
				65F12A4027FD4C25002493BF /* Release */,
			);
			defaultConfigurationIsVisible = 0;
			defaultConfigurationName = Release;
		};
/* End XCConfigurationList section */
	};
	rootObject = 65F12A2827FD4C1C002493BF /* Project object */;
}
